Microsoft Visual Studio Solution File, Format Version 12.00
# Visual Studio Version 17
VisualStudioVersion = 17.8.34511.84
MinimumVisualStudioVersion = 10.0.40219.1
Project("{9A19103F-16F7-4668-BE54-9A1E7A4F7556}") = "Lacie Engine", "Lacie Engine.csproj", "{69060A68-58E0-465B-8DAE-8B5185B408C3}"
EndProject
Global
	GlobalSection(SolutionConfigurationPlatforms) = preSolution
		Debug|Any CPU = Debug|Any CPU
		Release|Any CPU = Release|Any CPU
	EndGlobalSection
	GlobalSection(ProjectConfigurationPlatforms) = postSolution
		{69060A68-58E0-465B-8DAE-8B5185B408C3}.Debug|Any CPU.ActiveCfg = Debug|Any CPU
		{69060A68-58E0-465B-8DAE-8B5185B408C3}.Debug|Any CPU.Build.0 = Debug|Any CPU
		{69060A68-58E0-465B-8DAE-8B5185B408C3}.Release|Any CPU.ActiveCfg = Release|Any CPU
		{69060A68-58E0-465B-8DAE-8B5185B408C3}.Release|Any CPU.Build.0 = Release|Any CPU
	EndGlobalSection
	GlobalSection(SolutionProperties) = preSolution
		HideSolutionNode = FALSE
	EndGlobalSection
	GlobalSection(ExtensibilityGlobals) = postSolution
		SolutionGuid = {B13178DB-D635-43DF-9982-3CA7D94E4ECC}
	EndGlobalSection
EndGlobal
