Microsoft Visual Studio Solution File, Format Version 12.00
# Visual Studio 2012
Project("{FAE04EC0-301F-11D3-BF4B-00C04F79EFBC}") = "Lacie Packer", "Lacie Packer.csproj", "{3818D13C-3E73-4672-857B-D8F468855CC6}"
EndProject
Global
	GlobalSection(SolutionConfigurationPlatforms) = preSolution
	Debug|Any CPU = Debug|Any CPU
	ExportDebug|Any CPU = ExportDebug|Any CPU
	ExportRelease|Any CPU = ExportRelease|Any CPU
	EndGlobalSection
	GlobalSection(ProjectConfigurationPlatforms) = postSolution
		{3818D13C-3E73-4672-857B-D8F468855CC6}.Debug|Any CPU.ActiveCfg = Debug|Any CPU
		{3818D13C-3E73-4672-857B-D8F468855CC6}.Debug|Any CPU.Build.0 = Debug|Any CPU
		{3818D13C-3E73-4672-857B-D8F468855CC6}.ExportDebug|Any CPU.ActiveCfg = ExportDebug|Any CPU
		{3818D13C-3E73-4672-857B-D8F468855CC6}.ExportDebug|Any CPU.Build.0 = ExportDebug|Any CPU
		{3818D13C-3E73-4672-857B-D8F468855CC6}.ExportRelease|Any CPU.ActiveCfg = ExportRelease|Any CPU
		{3818D13C-3E73-4672-857B-D8F468855CC6}.ExportRelease|Any CPU.Build.0 = ExportRelease|Any CPU
	EndGlobalSection
EndGlobal
